{
  "name": "ppx-deriving",
  "version": "44.1.0",
  "lockfileVersion": 1,
  "requires": true,
  "dependencies": {
    "arch": {
      "version": "2.1.1",
      "resolved": "https://registry.npmjs.org/arch/-/arch-2.1.1.tgz",
      "integrity": "sha512-BLM56aPo9vLLFVa8+/+pJLnrZ7QGGTVHWsCwieAWT9o9K8UeGaQbzZbGoabWLOo2ksBCztoXdqBZBplqLDDCSg=="
    }
  }
}
